Microsoft Visual Studio Solution File, Format Version 12.00
# Visual Studio 2012
Project("{FAE04EC0-301F-11D3-BF4B-00C04F79EFBC}") = "IsaacGame", "IsaacGame.csproj", "{3739FF51-BEAB-4A00-A1EF-3BC643FEE4A0}"
EndProject
Global
	GlobalSection(SolutionConfigurationPlatforms) = preSolution
	Debug|Any CPU = Debug|Any CPU
	ExportDebug|Any CPU = ExportDebug|Any CPU
	ExportRelease|Any CPU = ExportRelease|Any CPU
	EndGlobalSection
	GlobalSection(ProjectConfigurationPlatforms) = postSolution
		{3739FF51-BEAB-4A00-A1EF-3BC643FEE4A0}.Debug|Any CPU.ActiveCfg = Debug|Any CPU
		{3739FF51-BEAB-4A00-A1EF-3BC643FEE4A0}.Debug|Any CPU.Build.0 = Debug|Any CPU
		{3739FF51-BEAB-4A00-A1EF-3BC643FEE4A0}.ExportDebug|Any CPU.ActiveCfg = ExportDebug|Any CPU
		{3739FF51-BEAB-4A00-A1EF-3BC643FEE4A0}.ExportDebug|Any CPU.Build.0 = ExportDebug|Any CPU
		{3739FF51-BEAB-4A00-A1EF-3BC643FEE4A0}.ExportRelease|Any CPU.ActiveCfg = ExportRelease|Any CPU
		{3739FF51-BEAB-4A00-A1EF-3BC643FEE4A0}.ExportRelease|Any CPU.Build.0 = ExportRelease|Any CPU
	EndGlobalSection
EndGlobal
